
Microsoft Visual Studio Solution File, Format Version 12.00
# Visual Studio Version 17
VisualStudioVersion = 17.5.33530.505
MinimumVisualStudioVersion = 10.0.40219.1
Project("{FAE04EC0-301F-11D3-BF4B-00C04F79EFBC}") = "Progreso1Proyecto_M.E__F.V", "Progreso1Proyecto_M.E__F.V\Progreso1Proyecto_M.E__F.V.csproj", "{A250DF88-3A0A-41CF-91A7-02252268D2EC}"
EndProject
Global
	GlobalSection(SolutionConfigurationPlatforms) = preSolution
		Debug|Any CPU = Debug|Any CPU
		Release|Any CPU = Release|Any CPU
	EndGlobalSection
	GlobalSection(ProjectConfigurationPlatforms) = postSolution
		{A250DF88-3A0A-41CF-91A7-02252268D2EC}.Debug|Any CPU.ActiveCfg = Debug|Any CPU
		{A250DF88-3A0A-41CF-91A7-02252268D2EC}.Debug|Any CPU.Build.0 = Debug|Any CPU
		{A250DF88-3A0A-41CF-91A7-02252268D2EC}.Release|Any CPU.ActiveCfg = Release|Any CPU
		{A250DF88-3A0A-41CF-91A7-02252268D2EC}.Release|Any CPU.Build.0 = Release|Any CPU
	EndGlobalSection
	GlobalSection(SolutionProperties) = preSolution
		HideSolutionNode = FALSE
	EndGlobalSection
	GlobalSection(ExtensibilityGlobals) = postSolution
		SolutionGuid = {A78E4B60-FBF6-4788-AB76-9AD033868AB3}
	EndGlobalSection
EndGlobal
